
Microsoft Visual Studio Solution File, Format Version 12.00
# Visual Studio Version 16
VisualStudioVersion = 16.0.31410.357
MinimumVisualStudioVersion = 10.0.40219.1
Project("{FAE04EC0-301F-11D3-BF4B-00C04F79EFBC}") = "ClassesTest", "ClassesTest.csproj", "{2151046B-EEEC-4966-A40C-6400AFBAE33E}"
EndProject
Global
	GlobalSection(SolutionConfigurationPlatforms) = preSolution
		Debug|Any CPU = Debug|Any CPU
		Release|Any CPU = Release|Any CPU
	EndGlobalSection
	GlobalSection(ProjectConfigurationPlatforms) = postSolution
		{2151046B-EEEC-4966-A40C-6400AFBAE33E}.Debug|Any CPU.ActiveCfg = Debug|Any CPU
		{2151046B-EEEC-4966-A40C-6400AFBAE33E}.Debug|Any CPU.Build.0 = Debug|Any CPU
		{2151046B-EEEC-4966-A40C-6400AFBAE33E}.Release|Any CPU.ActiveCfg = Release|Any CPU
		{2151046B-EEEC-4966-A40C-6400AFBAE33E}.Release|Any CPU.Build.0 = Release|Any CPU
	EndGlobalSection
	GlobalSection(SolutionProperties) = preSolution
		HideSolutionNode = FALSE
	EndGlobalSection
	GlobalSection(ExtensibilityGlobals) = postSolution
		SolutionGuid = {4900A090-D34E-4DEB-9C75-6851C7E4A4D4}
	EndGlobalSection
EndGlobal
